{
  "name": "gerador-de-relatorio-medico",
  "version": "1.0.0",
  "lockfileVersion": 2,
  "requires": true,
  "packages": {
    "": {
      "name": "gerador-de-relatorio-medico",
      "version": "1.0.0",
      "license": "ISC",
      "dependencies": {
        "@materializecss/materialize": "^2.0.3-alpha",
        "alertifyjs": "^1.13.1",
        "font-awesome": "^4.7.0"
      }
    },
    "node_modules/@materializecss/materialize": {
      "version": "2.0.3-alpha",
      "resolved": "https://registry.npmjs.org/@materializecss/materialize/-/materialize-2.0.3-alpha.tgz",
      "integrity": "sha512-37llHsOg9KpNm2vbJOqILxk0LlMIGjeSv5sdXIObTFz/wGZ9/RGq4T686kAQK7yDgR+q7aURc+HpbXOk/6Au6A==",
      "hasInstallScript": true,
      "dependencies": {
        "animejs": "^3.2.1"
      }
    },
    "node_modules/alertifyjs": {
      "version": "1.13.1",
      "resolved": "https://registry.npmjs.org/alertifyjs/-/alertifyjs-1.13.1.tgz",
      "integrity": "sha512-CckZE2dZDsEEXglOXKxT00vUDV5A6udZom+bn1XHdIWlbSFZgYq7UXCBlwkShhIH3Li/1VxLmr55GOQFQ12WSg=="
    },
    "node_modules/animejs": {
      "version": "3.2.1",
      "resolved": "https://registry.npmjs.org/animejs/-/animejs-3.2.1.tgz",
      "integrity": "sha512-sWno3ugFryK5nhiDm/2BKeFCpZv7vzerWUcUPyAZLDhMek3+S/p418ldZJbJXo5ZUOpfm2kP2XRO4NJcULMy9A=="
    },
    "node_modules/font-awesome": {
      "version": "4.7.0",
      "resolved": "https://registry.npmjs.org/font-awesome/-/font-awesome-4.7.0.tgz",
      "integrity": "sha512-U6kGnykA/6bFmg1M/oT9EkFeIYv7JlX3bozwQJWiiLz6L0w3F5vBVPxHlwyX/vtNq1ckcpRKOB9f2Qal/VtFpg==",
      "engines": {
        "node": ">=0.10.3"
      }
    }
  },
  "dependencies": {
    "@materializecss/materialize": {
      "version": "2.0.3-alpha",
      "resolved": "https://registry.npmjs.org/@materializecss/materialize/-/materialize-2.0.3-alpha.tgz",
      "integrity": "sha512-37llHsOg9KpNm2vbJOqILxk0LlMIGjeSv5sdXIObTFz/wGZ9/RGq4T686kAQK7yDgR+q7aURc+HpbXOk/6Au6A==",
      "requires": {
        "animejs": "^3.2.1"
      }
    },
    "alertifyjs": {
      "version": "1.13.1",
      "resolved": "https://registry.npmjs.org/alertifyjs/-/alertifyjs-1.13.1.tgz",
      "integrity": "sha512-CckZE2dZDsEEXglOXKxT00vUDV5A6udZom+bn1XHdIWlbSFZgYq7UXCBlwkShhIH3Li/1VxLmr55GOQFQ12WSg=="
    },
    "animejs": {
      "version": "3.2.1",
      "resolved": "https://registry.npmjs.org/animejs/-/animejs-3.2.1.tgz",
      "integrity": "sha512-sWno3ugFryK5nhiDm/2BKeFCpZv7vzerWUcUPyAZLDhMek3+S/p418ldZJbJXo5ZUOpfm2kP2XRO4NJcULMy9A=="
    },
    "font-awesome": {
      "version": "4.7.0",
      "resolved": "https://registry.npmjs.org/font-awesome/-/font-awesome-4.7.0.tgz",
      "integrity": "sha512-U6kGnykA/6bFmg1M/oT9EkFeIYv7JlX3bozwQJWiiLz6L0w3F5vBVPxHlwyX/vtNq1ckcpRKOB9f2Qal/VtFpg=="
    }
  }
}
